
Microsoft Visual Studio Solution File, Format Version 12.00
# Visual Studio Version 16
VisualStudioVersion = 16.0.29411.108
MinimumVisualStudioVersion = 10.0.40219.1
Project("{FAE04EC0-301F-11D3-BF4B-00C04F79EFBC}") = "ComponentModelRPC", "ComponentModelRPC\ComponentModelRPC.csproj", "{15324B69-7D18-49F3-9141-B024079356E8}"
EndProject
Global
	GlobalSection(SolutionConfigurationPlatforms) = preSolution
		Debug|Any CPU = Debug|Any CPU
		Release|Any CPU = Release|Any CPU
	EndGlobalSection
	GlobalSection(ProjectConfigurationPlatforms) = postSolution
		{15324B69-7D18-49F3-9141-B024079356E8}.Debug|Any CPU.ActiveCfg = Debug|Any CPU
		{15324B69-7D18-49F3-9141-B024079356E8}.Debug|Any CPU.Build.0 = Debug|Any CPU
		{15324B69-7D18-49F3-9141-B024079356E8}.Release|Any CPU.ActiveCfg = Release|Any CPU
		{15324B69-7D18-49F3-9141-B024079356E8}.Release|Any CPU.Build.0 = Release|Any CPU
	EndGlobalSection
	GlobalSection(SolutionProperties) = preSolution
		HideSolutionNode = FALSE
	EndGlobalSection
	GlobalSection(ExtensibilityGlobals) = postSolution
		SolutionGuid = {849F8F32-BF13-49A0-8E95-90F1105CA02F}
	EndGlobalSection
EndGlobal
