
Microsoft Visual Studio Solution File, Format Version 12.00
# Visual Studio Version 16
VisualStudioVersion = 16.0.29411.108
MinimumVisualStudioVersion = 10.0.40219.1
Project("{FAE04EC0-301F-11D3-BF4B-00C04F79EFBC}") = "jNet.RPC", "jNet.RPC\jNet.RPC.csproj", "{15324B69-7D18-49F3-9141-B024079356E8}"
EndProject
Project("{FAE04EC0-301F-11D3-BF4B-00C04F79EFBC}") = "jNet.RPCIntegrationTests", "jNet.RPCIntegrationTests\jNet.RPCIntegrationTests.csproj", "{E4DFDF59-4F28-4D80-AC2C-38684E4F2E8C}"
EndProject
Project("{FAE04EC0-301F-11D3-BF4B-00C04F79EFBC}") = "jNet.RPC.UnitTests", "jNet.RPCUnitTests\jNet.RPC.UnitTests.csproj", "{49534E5C-22CF-49F1-A4FC-FA3F91993A09}"
EndProject
Project("{2150E333-8FDC-42A3-9474-1A3956D46DE8}") = "Tests", "Tests", "{FDF1F0F8-A907-45B3-BA3C-F8D6DBFFB673}"
EndProject
Project("{FAE04EC0-301F-11D3-BF4B-00C04F79EFBC}") = "jNet.RPC.CommonLib", "jNet.RPC.Common\jNet.RPC.CommonLib.csproj", "{E96D730C-5083-446D-ADB1-9621D67B2867}"
EndProject
Project("{FAE04EC0-301F-11D3-BF4B-00C04F79EFBC}") = "jNet.RPC.ServerLib", "jNet.RPC.Server\jNet.RPC.ServerLib.csproj", "{E516F99F-4BAA-4BBD-85B2-C5BBD7DAA312}"
EndProject
Project("{FAE04EC0-301F-11D3-BF4B-00C04F79EFBC}") = "jNet.RPC.ClientLib", "jNet.RPC.Client\jNet.RPC.ClientLib.csproj", "{616A9284-3533-4633-AA2F-F2D2ED35366D}"
EndProject
Global
	GlobalSection(SolutionConfigurationPlatforms) = preSolution
		Debug|Any CPU = Debug|Any CPU
		Release|Any CPU = Release|Any CPU
	EndGlobalSection
	GlobalSection(ProjectConfigurationPlatforms) = postSolution
		{15324B69-7D18-49F3-9141-B024079356E8}.Debug|Any CPU.ActiveCfg = Debug|Any CPU
		{15324B69-7D18-49F3-9141-B024079356E8}.Debug|Any CPU.Build.0 = Debug|Any CPU
		{15324B69-7D18-49F3-9141-B024079356E8}.Release|Any CPU.ActiveCfg = Release|Any CPU
		{15324B69-7D18-49F3-9141-B024079356E8}.Release|Any CPU.Build.0 = Release|Any CPU
		{E4DFDF59-4F28-4D80-AC2C-38684E4F2E8C}.Debug|Any CPU.ActiveCfg = Debug|Any CPU
		{E4DFDF59-4F28-4D80-AC2C-38684E4F2E8C}.Debug|Any CPU.Build.0 = Debug|Any CPU
		{E4DFDF59-4F28-4D80-AC2C-38684E4F2E8C}.Release|Any CPU.ActiveCfg = Release|Any CPU
		{E4DFDF59-4F28-4D80-AC2C-38684E4F2E8C}.Release|Any CPU.Build.0 = Release|Any CPU
		{49534E5C-22CF-49F1-A4FC-FA3F91993A09}.Debug|Any CPU.ActiveCfg = Debug|Any CPU
		{49534E5C-22CF-49F1-A4FC-FA3F91993A09}.Debug|Any CPU.Build.0 = Debug|Any CPU
		{49534E5C-22CF-49F1-A4FC-FA3F91993A09}.Release|Any CPU.ActiveCfg = Release|Any CPU
		{49534E5C-22CF-49F1-A4FC-FA3F91993A09}.Release|Any CPU.Build.0 = Release|Any CPU
		{E96D730C-5083-446D-ADB1-9621D67B2867}.Debug|Any CPU.ActiveCfg = Debug|Any CPU
		{E96D730C-5083-446D-ADB1-9621D67B2867}.Debug|Any CPU.Build.0 = Debug|Any CPU
		{E96D730C-5083-446D-ADB1-9621D67B2867}.Release|Any CPU.ActiveCfg = Release|Any CPU
		{E96D730C-5083-446D-ADB1-9621D67B2867}.Release|Any CPU.Build.0 = Release|Any CPU
		{E516F99F-4BAA-4BBD-85B2-C5BBD7DAA312}.Debug|Any CPU.ActiveCfg = Debug|Any CPU
		{E516F99F-4BAA-4BBD-85B2-C5BBD7DAA312}.Debug|Any CPU.Build.0 = Debug|Any CPU
		{E516F99F-4BAA-4BBD-85B2-C5BBD7DAA312}.Release|Any CPU.ActiveCfg = Release|Any CPU
		{E516F99F-4BAA-4BBD-85B2-C5BBD7DAA312}.Release|Any CPU.Build.0 = Release|Any CPU
		{616A9284-3533-4633-AA2F-F2D2ED35366D}.Debug|Any CPU.ActiveCfg = Debug|Any CPU
		{616A9284-3533-4633-AA2F-F2D2ED35366D}.Debug|Any CPU.Build.0 = Debug|Any CPU
		{616A9284-3533-4633-AA2F-F2D2ED35366D}.Release|Any CPU.ActiveCfg = Release|Any CPU
		{616A9284-3533-4633-AA2F-F2D2ED35366D}.Release|Any CPU.Build.0 = Release|Any CPU
	EndGlobalSection
	GlobalSection(SolutionProperties) = preSolution
		HideSolutionNode = FALSE
	EndGlobalSection
	GlobalSection(NestedProjects) = preSolution
		{E4DFDF59-4F28-4D80-AC2C-38684E4F2E8C} = {FDF1F0F8-A907-45B3-BA3C-F8D6DBFFB673}
		{49534E5C-22CF-49F1-A4FC-FA3F91993A09} = {FDF1F0F8-A907-45B3-BA3C-F8D6DBFFB673}
		{E96D730C-5083-446D-ADB1-9621D67B2867} = {FDF1F0F8-A907-45B3-BA3C-F8D6DBFFB673}
		{E516F99F-4BAA-4BBD-85B2-C5BBD7DAA312} = {FDF1F0F8-A907-45B3-BA3C-F8D6DBFFB673}
		{616A9284-3533-4633-AA2F-F2D2ED35366D} = {FDF1F0F8-A907-45B3-BA3C-F8D6DBFFB673}
	EndGlobalSection
	GlobalSection(ExtensibilityGlobals) = postSolution
		SolutionGuid = {849F8F32-BF13-49A0-8E95-90F1105CA02F}
	EndGlobalSection
EndGlobal
