
Microsoft Visual Studio Solution File, Format Version 12.00
# Visual Studio Version 16
VisualStudioVersion = 16.0.29411.108
MinimumVisualStudioVersion = 10.0.40219.1
Project("{FAE04EC0-301F-11D3-BF4B-00C04F79EFBC}") = "jNet.RPC", "jNet.RPC\jNet.RPC.csproj", "{15324B69-7D18-49F3-9141-B024079356E8}"
EndProject
Project("{2150E333-8FDC-42A3-9474-1A3956D46DE8}") = "Tests", "Tests", "{FDF1F0F8-A907-45B3-BA3C-F8D6DBFFB673}"
EndProject
Project("{FAE04EC0-301F-11D3-BF4B-00C04F79EFBC}") = "Tests.ClientLibrary", "Tests\Tests.ClientLibrary\Tests.ClientLibrary.csproj", "{274B7EDE-EAEC-4698-B36D-621AA4744091}"
EndProject
Project("{FAE04EC0-301F-11D3-BF4B-00C04F79EFBC}") = "Tests.ServerLibrary", "Tests\Tests.ServerLibrary\Tests.ServerLibrary.csproj", "{205AA1E3-0CD2-4D3C-9BBA-2B75E8F90A91}"
EndProject
Project("{FAE04EC0-301F-11D3-BF4B-00C04F79EFBC}") = "Tests.CommonLibrary", "Tests\Tests.CommonLibrary\Tests.CommonLibrary.csproj", "{074382FA-D07D-4560-8F13-E441504C6F78}"
EndProject
Project("{FAE04EC0-301F-11D3-BF4B-00C04F79EFBC}") = "jNet.RPC.UnitTests", "Tests\jNet.RPC.UnitTests\jNet.RPC.UnitTests.csproj", "{20E2698F-CCF5-4926-AB41-36A63061F3D6}"
EndProject
Project("{FAE04EC0-301F-11D3-BF4B-00C04F79EFBC}") = "jNet.RPC.IntegrationTests", "Tests\jNet.RPC.IntegrationTests\jNet.RPC.IntegrationTests.csproj", "{82365395-B51B-466B-AE4A-72C34570FA62}"
EndProject
Global
	GlobalSection(SolutionConfigurationPlatforms) = preSolution
		Debug|Any CPU = Debug|Any CPU
		Release|Any CPU = Release|Any CPU
	EndGlobalSection
	GlobalSection(ProjectConfigurationPlatforms) = postSolution
		{15324B69-7D18-49F3-9141-B024079356E8}.Debug|Any CPU.ActiveCfg = Debug|Any CPU
		{15324B69-7D18-49F3-9141-B024079356E8}.Debug|Any CPU.Build.0 = Debug|Any CPU
		{15324B69-7D18-49F3-9141-B024079356E8}.Release|Any CPU.ActiveCfg = Release|Any CPU
		{15324B69-7D18-49F3-9141-B024079356E8}.Release|Any CPU.Build.0 = Release|Any CPU
		{274B7EDE-EAEC-4698-B36D-621AA4744091}.Debug|Any CPU.ActiveCfg = Debug|Any CPU
		{274B7EDE-EAEC-4698-B36D-621AA4744091}.Debug|Any CPU.Build.0 = Debug|Any CPU
		{274B7EDE-EAEC-4698-B36D-621AA4744091}.Release|Any CPU.ActiveCfg = Release|Any CPU
		{274B7EDE-EAEC-4698-B36D-621AA4744091}.Release|Any CPU.Build.0 = Release|Any CPU
		{205AA1E3-0CD2-4D3C-9BBA-2B75E8F90A91}.Debug|Any CPU.ActiveCfg = Debug|Any CPU
		{205AA1E3-0CD2-4D3C-9BBA-2B75E8F90A91}.Debug|Any CPU.Build.0 = Debug|Any CPU
		{205AA1E3-0CD2-4D3C-9BBA-2B75E8F90A91}.Release|Any CPU.ActiveCfg = Release|Any CPU
		{205AA1E3-0CD2-4D3C-9BBA-2B75E8F90A91}.Release|Any CPU.Build.0 = Release|Any CPU
		{074382FA-D07D-4560-8F13-E441504C6F78}.Debug|Any CPU.ActiveCfg = Debug|Any CPU
		{074382FA-D07D-4560-8F13-E441504C6F78}.Debug|Any CPU.Build.0 = Debug|Any CPU
		{074382FA-D07D-4560-8F13-E441504C6F78}.Release|Any CPU.ActiveCfg = Release|Any CPU
		{074382FA-D07D-4560-8F13-E441504C6F78}.Release|Any CPU.Build.0 = Release|Any CPU
		{20E2698F-CCF5-4926-AB41-36A63061F3D6}.Debug|Any CPU.ActiveCfg = Debug|Any CPU
		{20E2698F-CCF5-4926-AB41-36A63061F3D6}.Debug|Any CPU.Build.0 = Debug|Any CPU
		{20E2698F-CCF5-4926-AB41-36A63061F3D6}.Release|Any CPU.ActiveCfg = Release|Any CPU
		{20E2698F-CCF5-4926-AB41-36A63061F3D6}.Release|Any CPU.Build.0 = Release|Any CPU
		{82365395-B51B-466B-AE4A-72C34570FA62}.Debug|Any CPU.ActiveCfg = Debug|Any CPU
		{82365395-B51B-466B-AE4A-72C34570FA62}.Debug|Any CPU.Build.0 = Debug|Any CPU
		{82365395-B51B-466B-AE4A-72C34570FA62}.Release|Any CPU.ActiveCfg = Release|Any CPU
		{82365395-B51B-466B-AE4A-72C34570FA62}.Release|Any CPU.Build.0 = Release|Any CPU
	EndGlobalSection
	GlobalSection(SolutionProperties) = preSolution
		HideSolutionNode = FALSE
	EndGlobalSection
	GlobalSection(NestedProjects) = preSolution
		{274B7EDE-EAEC-4698-B36D-621AA4744091} = {FDF1F0F8-A907-45B3-BA3C-F8D6DBFFB673}
		{205AA1E3-0CD2-4D3C-9BBA-2B75E8F90A91} = {FDF1F0F8-A907-45B3-BA3C-F8D6DBFFB673}
		{074382FA-D07D-4560-8F13-E441504C6F78} = {FDF1F0F8-A907-45B3-BA3C-F8D6DBFFB673}
		{20E2698F-CCF5-4926-AB41-36A63061F3D6} = {FDF1F0F8-A907-45B3-BA3C-F8D6DBFFB673}
		{82365395-B51B-466B-AE4A-72C34570FA62} = {FDF1F0F8-A907-45B3-BA3C-F8D6DBFFB673}
	EndGlobalSection
	GlobalSection(ExtensibilityGlobals) = postSolution
		SolutionGuid = {849F8F32-BF13-49A0-8E95-90F1105CA02F}
	EndGlobalSection
EndGlobal
